
Microsoft Visual Studio Solution File, Format Version 12.00
Project("{FAE04EC0-301F-11D3-BF4B-00C04F79EFBC}") = "Example.Infra", "src\Infra\Example.Infra\Example.Infra.csproj", "{66E61D52-8B4A-4709-981D-C4F30F119434}"
EndProject
Project("{2150E333-8FDC-42A3-9474-1A3956D46DE8}") = "Infra", "Infra", "{7F763761-F2CD-4F33-A90F-4B3B6C82E35A}"
EndProject
Project("{2150E333-8FDC-42A3-9474-1A3956D46DE8}") = "Tests", "Tests", "{7AE84F61-6B1E-4DE5-BDAB-4491B2C378C0}"
EndProject
Project("{FAE04EC0-301F-11D3-BF4B-00C04F79EFBC}") = "Example.Tests", "tests\Example.Tests\Example.Tests.csproj", "{F0322764-840E-4CDB-8596-A3B770B3637C}"
EndProject
Global
	GlobalSection(SolutionConfigurationPlatforms) = preSolution
		Debug|Any CPU = Debug|Any CPU
		Release|Any CPU = Release|Any CPU
	EndGlobalSection
	GlobalSection(ProjectConfigurationPlatforms) = postSolution
		{66E61D52-8B4A-4709-981D-C4F30F119434}.Debug|Any CPU.ActiveCfg = Debug|Any CPU
		{66E61D52-8B4A-4709-981D-C4F30F119434}.Debug|Any CPU.Build.0 = Debug|Any CPU
		{66E61D52-8B4A-4709-981D-C4F30F119434}.Release|Any CPU.ActiveCfg = Release|Any CPU
		{66E61D52-8B4A-4709-981D-C4F30F119434}.Release|Any CPU.Build.0 = Release|Any CPU
		{F0322764-840E-4CDB-8596-A3B770B3637C}.Debug|Any CPU.ActiveCfg = Debug|Any CPU
		{F0322764-840E-4CDB-8596-A3B770B3637C}.Debug|Any CPU.Build.0 = Debug|Any CPU
		{F0322764-840E-4CDB-8596-A3B770B3637C}.Release|Any CPU.ActiveCfg = Release|Any CPU
		{F0322764-840E-4CDB-8596-A3B770B3637C}.Release|Any CPU.Build.0 = Release|Any CPU
	EndGlobalSection
	GlobalSection(NestedProjects) = preSolution
		{66E61D52-8B4A-4709-981D-C4F30F119434} = {7F763761-F2CD-4F33-A90F-4B3B6C82E35A}
		{F0322764-840E-4CDB-8596-A3B770B3637C} = {7AE84F61-6B1E-4DE5-BDAB-4491B2C378C0}
	EndGlobalSection
EndGlobal
